
Microsoft Visual Studio Solution File, Format Version 12.00
# Visual Studio Version 17
VisualStudioVersion = 17.9.34728.123
MinimumVisualStudioVersion = 10.0.40219.1
Project("{FAE04EC0-301F-11D3-BF4B-00C04F79EFBC}") = "InternProject", "InternProject\InternProject.csproj", "{FB1E35D1-AFB7-494F-913D-C1C4EC0B443A}"
EndProject
Global
	GlobalSection(SolutionConfigurationPlatforms) = preSolution
		Debug|Any CPU = Debug|Any CPU
		Release|Any CPU = Release|Any CPU
	EndGlobalSection
	GlobalSection(ProjectConfigurationPlatforms) = postSolution
		{FB1E35D1-AFB7-494F-913D-C1C4EC0B443A}.Debug|Any CPU.ActiveCfg = Debug|Any CPU
		{FB1E35D1-AFB7-494F-913D-C1C4EC0B443A}.Debug|Any CPU.Build.0 = Debug|Any CPU
		{FB1E35D1-AFB7-494F-913D-C1C4EC0B443A}.Release|Any CPU.ActiveCfg = Release|Any CPU
		{FB1E35D1-AFB7-494F-913D-C1C4EC0B443A}.Release|Any CPU.Build.0 = Release|Any CPU
	EndGlobalSection
	GlobalSection(SolutionProperties) = preSolution
		HideSolutionNode = FALSE
	EndGlobalSection
	GlobalSection(ExtensibilityGlobals) = postSolution
		SolutionGuid = {EEBFE258-0699-45EB-9CE4-CBBF53EC19C0}
	EndGlobalSection
EndGlobal
